
Microsoft Visual Studio Solution File, Format Version 12.00
# Visual Studio Version 16
VisualStudioVersion = 16.0.34407.143
MinimumVisualStudioVersion = 10.0.40219.1
Project("{FAE04EC0-301F-11D3-BF4B-00C04F79EFBC}") = "FactoryPatternDesign", "FactoryPatternDesign\FactoryPatternDesign.csproj", "{A37D0BFA-572C-4EE3-AAD5-A4CE1F3A8978}"
EndProject
Global
	GlobalSection(SolutionConfigurationPlatforms) = preSolution
		Debug|Any CPU = Debug|Any CPU
		Release|Any CPU = Release|Any CPU
	EndGlobalSection
	GlobalSection(ProjectConfigurationPlatforms) = postSolution
		{A37D0BFA-572C-4EE3-AAD5-A4CE1F3A8978}.Debug|Any CPU.ActiveCfg = Debug|Any CPU
		{A37D0BFA-572C-4EE3-AAD5-A4CE1F3A8978}.Debug|Any CPU.Build.0 = Debug|Any CPU
		{A37D0BFA-572C-4EE3-AAD5-A4CE1F3A8978}.Release|Any CPU.ActiveCfg = Release|Any CPU
		{A37D0BFA-572C-4EE3-AAD5-A4CE1F3A8978}.Release|Any CPU.Build.0 = Release|Any CPU
	EndGlobalSection
	GlobalSection(SolutionProperties) = preSolution
		HideSolutionNode = FALSE
	EndGlobalSection
	GlobalSection(ExtensibilityGlobals) = postSolution
		SolutionGuid = {35B6E887-0023-4BA5-B758-6FCF49C1D8D8}
	EndGlobalSection
EndGlobal
